<?xml version="1.0" encoding="UTF-8"?>
<!DOCTYPE plist PUBLIC "-//Apple//DTD PLIST 1.0//EN" "http://www.apple.com/DTDs/PropertyList-1.0.dtd">
<plist version="1.0">
<dict>
	<key>archiveVersion</key>
	<string>1</string>
	<key>classes</key>
	<dict/>
	<key>objectVersion</key>
	<string>46</string>
	<key>objects</key>
	<dict>
		<key>30238C2B1BAA7B3000A135B1</key>
		<dict>
			<key>children</key>
			<array>
				<string>30238C361BAA7B3000A135B1</string>
				<string>30238C501BAA7B3000A135B1</string>
				<string>30238C351BAA7B3000A135B1</string>
			</array>
			<key>isa</key>
			<string>PBXGroup</string>
			<key>sourceTree</key>
			<string>&lt;group&gt;</string>
		</dict>
		<key>30238C2C1BAA7B3000A135B1</key>
		<dict>
			<key>attributes</key>
			<dict>
				<key>LastUpgradeCheck</key>
				<string>0700</string>
				<key>ORGANIZATIONNAME</key>
				<string>Aspose</string>
				<key>TargetAttributes</key>
				<dict>
					<key>30238C331BAA7B3000A135B1</key>
					<dict>
						<key>CreatedOnToolsVersion</key>
						<string>7.0</string>
					</dict>
					<key>30238C4C1BAA7B3000A135B1</key>
					<dict>
						<key>CreatedOnToolsVersion</key>
						<string>7.0</string>
						<key>TestTargetID</key>
						<string>30238C331BAA7B3000A135B1</string>
					</dict>
				</dict>
			</dict>
			<key>buildConfigurationList</key>
			<string>30238C2F1BAA7B3000A135B1</string>
			<key>compatibilityVersion</key>
			<string>Xcode 3.2</string>
			<key>developmentRegion</key>
			<string>English</string>
			<key>hasScannedForEncodings</key>
			<string>0</string>
			<key>isa</key>
			<string>PBXProject</string>
			<key>knownRegions</key>
			<array>
				<string>en</string>
				<string>Base</string>
			</array>
			<key>mainGroup</key>
			<string>30238C2B1BAA7B3000A135B1</string>
			<key>productRefGroup</key>
			<string>30238C351BAA7B3000A135B1</string>
			<key>projectDirPath</key>
			<string></string>
			<key>projectReferences</key>
			<array/>
			<key>projectRoot</key>
			<string></string>
			<key>targets</key>
			<array>
				<string>30238C331BAA7B3000A135B1</string>
				<string>30238C4C1BAA7B3000A135B1</string>
			</array>
		</dict>
		<key>30238C2F1BAA7B3000A135B1</key>
		<dict>
			<key>buildConfigurations</key>
			<array>
				<string>30238C541BAA7B3000A135B1</string>
				<string>30238C551BAA7B3000A135B1</string>
			</array>
			<key>defaultConfigurationIsVisible</key>
			<string>0</string>
			<key>defaultConfigurationName</key>
			<string>Release</string>
			<key>isa</key>
			<string>XCConfigurationList</string>
		</dict>
		<key>30238C301BAA7B3000A135B1</key>
		<dict>
			<key>buildActionMask</key>
			<string>2147483647</string>
			<key>files</key>
			<array>
				<string>30238C8A1BAA7C5400A135B1</string>
				<string>30238C911BAA7C5400A135B1</string>
				<string>30238C851BAA7C5400A135B1</string>
				<string>30238C3F1BAA7B3000A135B1</string>
				<string>30238C3C1BAA7B3000A135B1</string>
				<string>30238C8E1BAA7C5400A135B1</string>
				<string>30238C891BAA7C5400A135B1</string>
				<string>30238C841BAA7C5400A135B1</string>
				<string>30238C8C1BAA7C5400A135B1</string>
				<string>30238C901BAA7C5400A135B1</string>
				<string>30238C861BAA7C5400A135B1</string>
				<string>30238C831BAA7C5400A135B1</string>
				<string>30238C921BAA7C5400A135B1</string>
				<string>30238C8F1BAA7C5400A135B1</string>
				<string>30238C8B1BAA7C5400A135B1</string>
				<string>30238C871BAA7C5400A135B1</string>
				<string>30238C881BAA7C5400A135B1</string>
				<string>30238C9C1BAA93D300A135B1</string>
				<string>30238C391BAA7B3000A135B1</string>
				<string>30238C8D1BAA7C5400A135B1</string>
			</array>
			<key>isa</key>
			<string>PBXSourcesBuildPhase</string>
			<key>runOnlyForDeploymentPostprocessing</key>
			<string>0</string>
		</dict>
		<key>30238C311BAA7B3000A135B1</key>
		<dict>
			<key>buildActionMask</key>
			<string>2147483647</string>
			<key>files</key>
			<array/>
			<key>isa</key>
			<string>PBXFrameworksBuildPhase</string>
			<key>runOnlyForDeploymentPostprocessing</key>
			<string>0</string>
		</dict>
		<key>30238C321BAA7B3000A135B1</key>
		<dict>
			<key>buildActionMask</key>
			<string>2147483647</string>
			<key>files</key>
			<array>
				<string>30238C471BAA7B3000A135B1</string>
				<string>30238C441BAA7B3000A135B1</string>
				<string>30238C991BAA7C6E00A135B1</string>
				<string>30238C421BAA7B3000A135B1</string>
			</array>
			<key>isa</key>
			<string>PBXResourcesBuildPhase</string>
			<key>runOnlyForDeploymentPostprocessing</key>
			<string>0</string>
		</dict>
		<key>30238C331BAA7B3000A135B1</key>
		<dict>
			<key>buildConfigurationList</key>
			<string>30238C561BAA7B3000A135B1</string>
			<key>buildPhases</key>
			<array>
				<string>30238C301BAA7B3000A135B1</string>
				<string>30238C311BAA7B3000A135B1</string>
				<string>30238C321BAA7B3000A135B1</string>
			</array>
			<key>buildRules</key>
			<array/>
			<key>dependencies</key>
			<array/>
			<key>isa</key>
			<string>PBXNativeTarget</string>
			<key>name</key>
			<string>Aspose.Storage_Cloud_SDK_For_Objective_C</string>
			<key>productName</key>
			<string>Aspose.Storage_Cloud_SDK_For_Objective_C</string>
			<key>productReference</key>
			<string>30238C341BAA7B3000A135B1</string>
			<key>productType</key>
			<string>com.apple.product-type.application</string>
		</dict>
		<key>30238C341BAA7B3000A135B1</key>
		<dict>
			<key>explicitFileType</key>
			<string>wrapper.application</string>
			<key>includeInIndex</key>
			<string>0</string>
			<key>isa</key>
			<string>PBXFileReference</string>
			<key>path</key>
			<string>Aspose.Storage_Cloud_SDK_For_Objective_C.app</string>
			<key>sourceTree</key>
			<string>BUILT_PRODUCTS_DIR</string>
		</dict>
		<key>30238C351BAA7B3000A135B1</key>
		<dict>
			<key>children</key>
			<array>
				<string>30238C341BAA7B3000A135B1</string>
				<string>30238C4D1BAA7B3000A135B1</string>
			</array>
			<key>isa</key>
			<string>PBXGroup</string>
			<key>name</key>
			<string>Products</string>
			<key>sourceTree</key>
			<string>&lt;group&gt;</string>
		</dict>
		<key>30238C361BAA7B3000A135B1</key>
		<dict>
			<key>children</key>
			<array>
				<string>30238C5C1BAA7C5400A135B1</string>
				<string>30238C3A1BAA7B3000A135B1</string>
				<string>30238C3B1BAA7B3000A135B1</string>
				<string>30238C3D1BAA7B3000A135B1</string>
				<string>30238C3E1BAA7B3000A135B1</string>
				<string>30238C401BAA7B3000A135B1</string>
				<string>30238C431BAA7B3000A135B1</string>
				<string>30238C451BAA7B3000A135B1</string>
				<string>30238C481BAA7B3000A135B1</string>
				<string>30238C371BAA7B3000A135B1</string>
			</array>
			<key>isa</key>
			<string>PBXGroup</string>
			<key>path</key>
			<string>Aspose.Storage_Cloud_SDK_For_Objective_C</string>
			<key>sourceTree</key>
			<string>&lt;group&gt;</string>
		</dict>
		<key>30238C371BAA7B3000A135B1</key>
		<dict>
			<key>children</key>
			<array>
				<string>30238C381BAA7B3000A135B1</string>
			</array>
			<key>isa</key>
			<string>PBXGroup</string>
			<key>name</key>
			<string>Supporting Files</string>
			<key>sourceTree</key>
			<string>&lt;group&gt;</string>
		</dict>
		<key>30238C381BAA7B3000A135B1</key>
		<dict>
			<key>isa</key>
			<string>PBXFileReference</string>
			<key>lastKnownFileType</key>
			<string>sourcecode.c.objc</string>
			<key>path</key>
			<string>main.m</string>
			<key>sourceTree</key>
			<string>&lt;group&gt;</string>
		</dict>
		<key>30238C391BAA7B3000A135B1</key>
		<dict>
			<key>fileRef</key>
			<string>30238C381BAA7B3000A135B1</string>
			<key>isa</key>
			<string>PBXBuildFile</string>
		</dict>
		<key>30238C3A1BAA7B3000A135B1</key>
		<dict>
			<key>isa</key>
			<string>PBXFileReference</string>
			<key>lastKnownFileType</key>
			<string>sourcecode.c.h</string>
			<key>path</key>
			<string>AppDelegate.h</string>
			<key>sourceTree</key>
			<string>&lt;group&gt;</string>
		</dict>
		<key>30238C3B1BAA7B3000A135B1</key>
		<dict>
			<key>isa</key>
			<string>PBXFileReference</string>
			<key>lastKnownFileType</key>
			<string>sourcecode.c.objc</string>
			<key>path</key>
			<string>AppDelegate.m</string>
			<key>sourceTree</key>
			<string>&lt;group&gt;</string>
		</dict>
		<key>30238C3C1BAA7B3000A135B1</key>
		<dict>
			<key>fileRef</key>
			<string>30238C3B1BAA7B3000A135B1</string>
			<key>isa</key>
			<string>PBXBuildFile</string>
		</dict>
		<key>30238C3D1BAA7B3000A135B1</key>
		<dict>
			<key>isa</key>
			<string>PBXFileReference</string>
			<key>lastKnownFileType</key>
			<string>sourcecode.c.h</string>
			<key>path</key>
			<string>ViewController.h</string>
			<key>sourceTree</key>
			<string>&lt;group&gt;</string>
		</dict>
		<key>30238C3E1BAA7B3000A135B1</key>
		<dict>
			<key>isa</key>
			<string>PBXFileReference</string>
			<key>lastKnownFileType</key>
			<string>sourcecode.c.objc</string>
			<key>path</key>
			<string>ViewController.m</string>
			<key>sourceTree</key>
			<string>&lt;group&gt;</string>
		</dict>
		<key>30238C3F1BAA7B3000A135B1</key>
		<dict>
			<key>fileRef</key>
			<string>30238C3E1BAA7B3000A135B1</string>
			<key>isa</key>
			<string>PBXBuildFile</string>
		</dict>
		<key>30238C401BAA7B3000A135B1</key>
		<dict>
			<key>children</key>
			<array>
				<string>30238C411BAA7B3000A135B1</string>
			</array>
			<key>isa</key>
			<string>PBXVariantGroup</string>
			<key>name</key>
			<string>Main.storyboard</string>
			<key>sourceTree</key>
			<string>&lt;group&gt;</string>
		</dict>
		<key>30238C411BAA7B3000A135B1</key>
		<dict>
			<key>isa</key>
			<string>PBXFileReference</string>
			<key>lastKnownFileType</key>
			<string>file.storyboard</string>
			<key>name</key>
			<string>Base</string>
			<key>path</key>
			<string>Base.lproj/Main.storyboard</string>
			<key>sourceTree</key>
			<string>&lt;group&gt;</string>
		</dict>
		<key>30238C421BAA7B3000A135B1</key>
		<dict>
			<key>fileRef</key>
			<string>30238C401BAA7B3000A135B1</string>
			<key>isa</key>
			<string>PBXBuildFile</string>
		</dict>
		<key>30238C431BAA7B3000A135B1</key>
		<dict>
			<key>isa</key>
			<string>PBXFileReference</string>
			<key>lastKnownFileType</key>
			<string>folder.assetcatalog</string>
			<key>path</key>
			<string>Assets.xcassets</string>
			<key>sourceTree</key>
			<string>&lt;group&gt;</string>
		</dict>
		<key>30238C441BAA7B3000A135B1</key>
		<dict>
			<key>fileRef</key>
			<string>30238C431BAA7B3000A135B1</string>
			<key>isa</key>
			<string>PBXBuildFile</string>
		</dict>
		<key>30238C451BAA7B3000A135B1</key>
		<dict>
			<key>children</key>
			<array>
				<string>30238C461BAA7B3000A135B1</string>
			</array>
			<key>isa</key>
			<string>PBXVariantGroup</string>
			<key>name</key>
			<string>LaunchScreen.storyboard</string>
			<key>sourceTree</key>
			<string>&lt;group&gt;</string>
		</dict>
		<key>30238C461BAA7B3000A135B1</key>
		<dict>
			<key>isa</key>
			<string>PBXFileReference</string>
			<key>lastKnownFileType</key>
			<string>file.storyboard</string>
			<key>name</key>
			<string>Base</string>
			<key>path</key>
			<string>Base.lproj/LaunchScreen.storyboard</string>
			<key>sourceTree</key>
			<string>&lt;group&gt;</string>
		</dict>
		<key>30238C471BAA7B3000A135B1</key>
		<dict>
			<key>fileRef</key>
			<string>30238C451BAA7B3000A135B1</string>
			<key>isa</key>
			<string>PBXBuildFile</string>
		</dict>
		<key>30238C481BAA7B3000A135B1</key>
		<dict>
			<key>isa</key>
			<string>PBXFileReference</string>
			<key>lastKnownFileType</key>
			<string>text.plist.xml</string>
			<key>path</key>
			<string>Info.plist</string>
			<key>sourceTree</key>
			<string>&lt;group&gt;</string>
		</dict>
		<key>30238C491BAA7B3000A135B1</key>
		<dict>
			<key>buildActionMask</key>
			<string>2147483647</string>
			<key>files</key>
			<array>
				<string>30238C981BAA7C6300A135B1</string>
			</array>
			<key>isa</key>
			<string>PBXSourcesBuildPhase</string>
			<key>runOnlyForDeploymentPostprocessing</key>
			<string>0</string>
		</dict>
		<key>30238C4A1BAA7B3000A135B1</key>
		<dict>
			<key>buildActionMask</key>
			<string>2147483647</string>
			<key>files</key>
			<array/>
			<key>isa</key>
			<string>PBXFrameworksBuildPhase</string>
			<key>runOnlyForDeploymentPostprocessing</key>
			<string>0</string>
		</dict>
		<key>30238C4B1BAA7B3000A135B1</key>
		<dict>
			<key>buildActionMask</key>
			<string>2147483647</string>
			<key>files</key>
			<array>
				<string>30238C971BAA7C6300A135B1</string>
			</array>
			<key>isa</key>
			<string>PBXResourcesBuildPhase</string>
			<key>runOnlyForDeploymentPostprocessing</key>
			<string>0</string>
		</dict>
		<key>30238C4C1BAA7B3000A135B1</key>
		<dict>
			<key>buildConfigurationList</key>
			<string>30238C591BAA7B3000A135B1</string>
			<key>buildPhases</key>
			<array>
				<string>30238C491BAA7B3000A135B1</string>
				<string>30238C4A1BAA7B3000A135B1</string>
				<string>30238C4B1BAA7B3000A135B1</string>
			</array>
			<key>buildRules</key>
			<array/>
			<key>dependencies</key>
			<array>
				<string>30238C4F1BAA7B3000A135B1</string>
			</array>
			<key>isa</key>
			<string>PBXNativeTarget</string>
			<key>name</key>
			<string>Aspose.Storage_Cloud_SDK_For_Objective_CTests</string>
			<key>productName</key>
			<string>Aspose.Storage_Cloud_SDK_For_Objective_CTests</string>
			<key>productReference</key>
			<string>30238C4D1BAA7B3000A135B1</string>
			<key>productType</key>
			<string>com.apple.product-type.bundle.unit-test</string>
		</dict>
		<key>30238C4D1BAA7B3000A135B1</key>
		<dict>
			<key>explicitFileType</key>
			<string>wrapper.cfbundle</string>
			<key>includeInIndex</key>
			<string>0</string>
			<key>isa</key>
			<string>PBXFileReference</string>
			<key>path</key>
			<string>Aspose.Storage_Cloud_SDK_For_Objective_CTests.xctest</string>
			<key>sourceTree</key>
			<string>BUILT_PRODUCTS_DIR</string>
		</dict>
		<key>30238C4E1BAA7B3000A135B1</key>
		<dict>
			<key>containerPortal</key>
			<string>30238C2C1BAA7B3000A135B1</string>
			<key>isa</key>
			<string>PBXContainerItemProxy</string>
			<key>proxyType</key>
			<string>1</string>
			<key>remoteGlobalIDString</key>
			<string>30238C331BAA7B3000A135B1</string>
			<key>remoteInfo</key>
			<string>Aspose.Storage_Cloud_SDK_For_Objective_C</string>
		</dict>
		<key>30238C4F1BAA7B3000A135B1</key>
		<dict>
			<key>isa</key>
			<string>PBXTargetDependency</string>
			<key>target</key>
			<string>30238C331BAA7B3000A135B1</string>
			<key>targetProxy</key>
			<string>30238C4E1BAA7B3000A135B1</string>
		</dict>
		<key>30238C501BAA7B3000A135B1</key>
		<dict>
			<key>children</key>
			<array>
				<string>30238C931BAA7C6300A135B1</string>
				<string>30238C951BAA7C6300A135B1</string>
				<string>30238C531BAA7B3000A135B1</string>
			</array>
			<key>isa</key>
			<string>PBXGroup</string>
			<key>path</key>
			<string>Aspose.Storage_Cloud_SDK_For_Objective_CTests</string>
			<key>sourceTree</key>
			<string>&lt;group&gt;</string>
		</dict>
		<key>30238C531BAA7B3000A135B1</key>
		<dict>
			<key>isa</key>
			<string>PBXFileReference</string>
			<key>lastKnownFileType</key>
			<string>text.plist.xml</string>
			<key>path</key>
			<string>Info.plist</string>
			<key>sourceTree</key>
			<string>&lt;group&gt;</string>
		</dict>
		<key>30238C541BAA7B3000A135B1</key>
		<dict>
			<key>buildSettings</key>
			<dict>
				<key>ALWAYS_SEARCH_USER_PATHS</key>
				<string>NO</string>
				<key>CLANG_CXX_LANGUAGE_STANDARD</key>
				<string>gnu++0x</string>
				<key>CLANG_CXX_LIBRARY</key>
				<string>libc++</string>
				<key>CLANG_ENABLE_MODULES</key>
				<string>YES</string>
				<key>CLANG_ENABLE_OBJC_ARC</key>
				<string>YES</string>
				<key>CLANG_WARN_BOOL_CONVERSION</key>
				<string>YES</string>
				<key>CLANG_WARN_CONSTANT_CONVERSION</key>
				<string>YES</string>
				<key>CLANG_WARN_DIRECT_OBJC_ISA_USAGE</key>
				<string>YES_ERROR</string>
				<key>CLANG_WARN_EMPTY_BODY</key>
				<string>YES</string>
				<key>CLANG_WARN_ENUM_CONVERSION</key>
				<string>YES</string>
				<key>CLANG_WARN_INT_CONVERSION</key>
				<string>YES</string>
				<key>CLANG_WARN_OBJC_ROOT_CLASS</key>
				<string>YES_ERROR</string>
				<key>CLANG_WARN_UNREACHABLE_CODE</key>
				<string>YES</string>
				<key>CLANG_WARN__DUPLICATE_METHOD_MATCH</key>
				<string>YES</string>
				<key>CODE_SIGN_IDENTITY[sdk=iphoneos*]</key>
				<string>iPhone Developer</string>
				<key>COPY_PHASE_STRIP</key>
				<string>NO</string>
				<key>DEBUG_INFORMATION_FORMAT</key>
				<string>dwarf</string>
				<key>ENABLE_STRICT_OBJC_MSGSEND</key>
				<string>YES</string>
				<key>ENABLE_TESTABILITY</key>
				<string>YES</string>
				<key>GCC_C_LANGUAGE_STANDARD</key>
				<string>gnu99</string>
				<key>GCC_DYNAMIC_NO_PIC</key>
				<string>NO</string>
				<key>GCC_NO_COMMON_BLOCKS</key>
				<string>YES</string>
				<key>GCC_OPTIMIZATION_LEVEL</key>
				<string>0</string>
				<key>GCC_PREPROCESSOR_DEFINITIONS</key>
				<array>
					<string>DEBUG=1</string>
					<string>$(inherited)</string>
				</array>
				<key>GCC_WARN_64_TO_32_BIT_CONVERSION</key>
				<string>YES</string>
				<key>GCC_WARN_ABOUT_RETURN_TYPE</key>
				<string>YES_ERROR</string>
				<key>GCC_WARN_UNDECLARED_SELECTOR</key>
				<string>YES</string>
				<key>GCC_WARN_UNINITIALIZED_AUTOS</key>
				<string>YES_AGGRESSIVE</string>
				<key>GCC_WARN_UNUSED_FUNCTION</key>
				<string>YES</string>
				<key>GCC_WARN_UNUSED_VARIABLE</key>
				<string>YES</string>
				<key>IPHONEOS_DEPLOYMENT_TARGET</key>
				<string>9.0</string>
				<key>MTL_ENABLE_DEBUG_INFO</key>
				<string>YES</string>
				<key>ONLY_ACTIVE_ARCH</key>
				<string>YES</string>
				<key>SDKROOT</key>
				<string>iphoneos</string>
				<key>TARGETED_DEVICE_FAMILY</key>
				<string>1,2</string>
			</dict>
			<key>isa</key>
			<string>XCBuildConfiguration</string>
			<key>name</key>
			<string>Debug</string>
		</dict>
		<key>30238C551BAA7B3000A135B1</key>
		<dict>
			<key>buildSettings</key>
			<dict>
				<key>ALWAYS_SEARCH_USER_PATHS</key>
				<string>NO</string>
				<key>CLANG_CXX_LANGUAGE_STANDARD</key>
				<string>gnu++0x</string>
				<key>CLANG_CXX_LIBRARY</key>
				<string>libc++</string>
				<key>CLANG_ENABLE_MODULES</key>
				<string>YES</string>
				<key>CLANG_ENABLE_OBJC_ARC</key>
				<string>YES</string>
				<key>CLANG_WARN_BOOL_CONVERSION</key>
				<string>YES</string>
				<key>CLANG_WARN_CONSTANT_CONVERSION</key>
				<string>YES</string>
				<key>CLANG_WARN_DIRECT_OBJC_ISA_USAGE</key>
				<string>YES_ERROR</string>
				<key>CLANG_WARN_EMPTY_BODY</key>
				<string>YES</string>
				<key>CLANG_WARN_ENUM_CONVERSION</key>
				<string>YES</string>
				<key>CLANG_WARN_INT_CONVERSION</key>
				<string>YES</string>
				<key>CLANG_WARN_OBJC_ROOT_CLASS</key>
				<string>YES_ERROR</string>
				<key>CLANG_WARN_UNREACHABLE_CODE</key>
				<string>YES</string>
				<key>CLANG_WARN__DUPLICATE_METHOD_MATCH</key>
				<string>YES</string>
				<key>CODE_SIGN_IDENTITY[sdk=iphoneos*]</key>
				<string>iPhone Developer</string>
				<key>COPY_PHASE_STRIP</key>
				<string>NO</string>
				<key>DEBUG_INFORMATION_FORMAT</key>
				<string>dwarf-with-dsym</string>
				<key>ENABLE_NS_ASSERTIONS</key>
				<string>NO</string>
				<key>ENABLE_STRICT_OBJC_MSGSEND</key>
				<string>YES</string>
				<key>GCC_C_LANGUAGE_STANDARD</key>
				<string>gnu99</string>
				<key>GCC_NO_COMMON_BLOCKS</key>
				<string>YES</string>
				<key>GCC_WARN_64_TO_32_BIT_CONVERSION</key>
				<string>YES</string>
				<key>GCC_WARN_ABOUT_RETURN_TYPE</key>
				<string>YES_ERROR</string>
				<key>GCC_WARN_UNDECLARED_SELECTOR</key>
				<string>YES</string>
				<key>GCC_WARN_UNINITIALIZED_AUTOS</key>
				<string>YES_AGGRESSIVE</string>
				<key>GCC_WARN_UNUSED_FUNCTION</key>
				<string>YES</string>
				<key>GCC_WARN_UNUSED_VARIABLE</key>
				<string>YES</string>
				<key>IPHONEOS_DEPLOYMENT_TARGET</key>
				<string>9.0</string>
				<key>MTL_ENABLE_DEBUG_INFO</key>
				<string>NO</string>
				<key>SDKROOT</key>
				<string>iphoneos</string>
				<key>TARGETED_DEVICE_FAMILY</key>
				<string>1,2</string>
				<key>VALIDATE_PRODUCT</key>
				<string>YES</string>
			</dict>
			<key>isa</key>
			<string>XCBuildConfiguration</string>
			<key>name</key>
			<string>Release</string>
		</dict>
		<key>30238C561BAA7B3000A135B1</key>
		<dict>
			<key>buildConfigurations</key>
			<array>
				<string>30238C571BAA7B3000A135B1</string>
				<string>30238C581BAA7B3000A135B1</string>
			</array>
			<key>defaultConfigurationIsVisible</key>
			<string>0</string>
			<key>defaultConfigurationName</key>
			<string>Release</string>
			<key>isa</key>
			<string>XCConfigurationList</string>
		</dict>
		<key>30238C571BAA7B3000A135B1</key>
		<dict>
			<key>buildSettings</key>
			<dict>
				<key>ASSETCATALOG_COMPILER_APPICON_NAME</key>
				<string>AppIcon</string>
				<key>INFOPLIST_FILE</key>
				<string>Aspose.Storage_Cloud_SDK_For_Objective_C/Info.plist</string>
				<key>LD_RUNPATH_SEARCH_PATHS</key>
				<string>$(inherited) @executable_path/Frameworks</string>
				<key>PRODUCT_BUNDLE_IDENTIFIER</key>
				<string>com.aspose.Aspose-Storage-Cloud-SDK-For-Objective-C</string>
				<key>PRODUCT_NAME</key>
				<string>$(TARGET_NAME)</string>
			</dict>
			<key>isa</key>
			<string>XCBuildConfiguration</string>
			<key>name</key>
			<string>Debug</string>
		</dict>
		<key>30238C581BAA7B3000A135B1</key>
		<dict>
			<key>buildSettings</key>
			<dict>
				<key>ASSETCATALOG_COMPILER_APPICON_NAME</key>
				<string>AppIcon</string>
				<key>INFOPLIST_FILE</key>
				<string>Aspose.Storage_Cloud_SDK_For_Objective_C/Info.plist</string>
				<key>LD_RUNPATH_SEARCH_PATHS</key>
				<string>$(inherited) @executable_path/Frameworks</string>
				<key>PRODUCT_BUNDLE_IDENTIFIER</key>
				<string>com.aspose.Aspose-Storage-Cloud-SDK-For-Objective-C</string>
				<key>PRODUCT_NAME</key>
				<string>$(TARGET_NAME)</string>
			</dict>
			<key>isa</key>
			<string>XCBuildConfiguration</string>
			<key>name</key>
			<string>Release</string>
		</dict>
		<key>30238C591BAA7B3000A135B1</key>
		<dict>
			<key>buildConfigurations</key>
			<array>
				<string>30238C5A1BAA7B3000A135B1</string>
				<string>30238C5B1BAA7B3000A135B1</string>
			</array>
			<key>defaultConfigurationIsVisible</key>
			<string>0</string>
			<key>defaultConfigurationName</key>
			<string>Release</string>
			<key>isa</key>
			<string>XCConfigurationList</string>
		</dict>
		<key>30238C5A1BAA7B3000A135B1</key>
		<dict>
			<key>buildSettings</key>
			<dict>
				<key>BUNDLE_LOADER</key>
				<string>$(TEST_HOST)</string>
				<key>INFOPLIST_FILE</key>
				<string>Aspose.Storage_Cloud_SDK_For_Objective_CTests/Info.plist</string>
				<key>LD_RUNPATH_SEARCH_PATHS</key>
				<string>$(inherited) @executable_path/Frameworks @loader_path/Frameworks</string>
				<key>PRODUCT_BUNDLE_IDENTIFIER</key>
				<string>com.aspose.Aspose-Storage-Cloud-SDK-For-Objective-CTests</string>
				<key>PRODUCT_NAME</key>
				<string>$(TARGET_NAME)</string>
				<key>TEST_HOST</key>
				<string>$(BUILT_PRODUCTS_DIR)/Aspose.Storage_Cloud_SDK_For_Objective_C.app/Aspose.Storage_Cloud_SDK_For_Objective_C</string>
			</dict>
			<key>isa</key>
			<string>XCBuildConfiguration</string>
			<key>name</key>
			<string>Debug</string>
		</dict>
		<key>30238C5B1BAA7B3000A135B1</key>
		<dict>
			<key>buildSettings</key>
			<dict>
				<key>BUNDLE_LOADER</key>
				<string>$(TEST_HOST)</string>
				<key>INFOPLIST_FILE</key>
				<string>Aspose.Storage_Cloud_SDK_For_Objective_CTests/Info.plist</string>
				<key>LD_RUNPATH_SEARCH_PATHS</key>
				<string>$(inherited) @executable_path/Frameworks @loader_path/Frameworks</string>
				<key>PRODUCT_BUNDLE_IDENTIFIER</key>
				<string>com.aspose.Aspose-Storage-Cloud-SDK-For-Objective-CTests</string>
				<key>PRODUCT_NAME</key>
				<string>$(TARGET_NAME)</string>
				<key>TEST_HOST</key>
				<string>$(BUILT_PRODUCTS_DIR)/Aspose.Storage_Cloud_SDK_For_Objective_C.app/Aspose.Storage_Cloud_SDK_For_Objective_C</string>
			</dict>
			<key>isa</key>
			<string>XCBuildConfiguration</string>
			<key>name</key>
			<string>Release</string>
		</dict>
		<key>30238C5C1BAA7C5400A135B1</key>
		<dict>
			<key>children</key>
			<array>
				<string>30238C5D1BAA7C5400A135B1</string>
				<string>30238C601BAA7C5400A135B1</string>
				<string>30238C6B1BAA7C5400A135B1</string>
			</array>
			<key>isa</key>
			<string>PBXGroup</string>
			<key>path</key>
			<string>storage</string>
			<key>sourceTree</key>
			<string>&lt;group&gt;</string>
		</dict>
		<key>30238C5D1BAA7C5400A135B1</key>
		<dict>
			<key>children</key>
			<array>
				<string>30238C9A1BAA93D300A135B1</string>
				<string>30238C9B1BAA93D300A135B1</string>
			</array>
			<key>isa</key>
			<string>PBXGroup</string>
			<key>path</key>
			<string>api</string>
			<key>sourceTree</key>
			<string>&lt;group&gt;</string>
		</dict>
		<key>30238C601BAA7C5400A135B1</key>
		<dict>
			<key>children</key>
			<array>
				<string>30238C611BAA7C5400A135B1</string>
				<string>30238C621BAA7C5400A135B1</string>
				<string>30238C631BAA7C5400A135B1</string>
				<string>30238C641BAA7C5400A135B1</string>
				<string>30238C651BAA7C5400A135B1</string>
				<string>30238C661BAA7C5400A135B1</string>
				<string>30238C671BAA7C5400A135B1</string>
				<string>30238C681BAA7C5400A135B1</string>
				<string>30238C691BAA7C5400A135B1</string>
				<string>30238C6A1BAA7C5400A135B1</string>
			</array>
			<key>isa</key>
			<string>PBXGroup</string>
			<key>path</key>
			<string>client</string>
			<key>sourceTree</key>
			<string>&lt;group&gt;</string>
		</dict>
		<key>30238C611BAA7C5400A135B1</key>
		<dict>
			<key>fileEncoding</key>
			<string>4</string>
			<key>isa</key>
			<string>PBXFileReference</string>
			<key>lastKnownFileType</key>
			<string>sourcecode.c.h</string>
			<key>path</key>
			<string>ASPApiClient.h</string>
			<key>sourceTree</key>
			<string>&lt;group&gt;</string>
		</dict>
		<key>30238C621BAA7C5400A135B1</key>
		<dict>
			<key>fileEncoding</key>
			<string>4</string>
			<key>isa</key>
			<string>PBXFileReference</string>
			<key>lastKnownFileType</key>
			<string>sourcecode.c.objc</string>
			<key>path</key>
			<string>ASPApiClient.m</string>
			<key>sourceTree</key>
			<string>&lt;group&gt;</string>
		</dict>
		<key>30238C631BAA7C5400A135B1</key>
		<dict>
			<key>fileEncoding</key>
			<string>4</string>
			<key>isa</key>
			<string>PBXFileReference</string>
			<key>lastKnownFileType</key>
			<string>sourcecode.c.h</string>
			<key>path</key>
			<string>ASPConfiguration.h</string>
			<key>sourceTree</key>
			<string>&lt;group&gt;</string>
		</dict>
		<key>30238C641BAA7C5400A135B1</key>
		<dict>
			<key>fileEncoding</key>
			<string>4</string>
			<key>isa</key>
			<string>PBXFileReference</string>
			<key>lastKnownFileType</key>
			<string>sourcecode.c.objc</string>
			<key>path</key>
			<string>ASPConfiguration.m</string>
			<key>sourceTree</key>
			<string>&lt;group&gt;</string>
		</dict>
		<key>30238C651BAA7C5400A135B1</key>
		<dict>
			<key>fileEncoding</key>
			<string>4</string>
			<key>isa</key>
			<string>PBXFileReference</string>
			<key>lastKnownFileType</key>
			<string>sourcecode.c.h</string>
			<key>path</key>
			<string>ASPJSONRequestSerializer.h</string>
			<key>sourceTree</key>
			<string>&lt;group&gt;</string>
		</dict>
		<key>30238C661BAA7C5400A135B1</key>
		<dict>
			<key>fileEncoding</key>
			<string>4</string>
			<key>isa</key>
			<string>PBXFileReference</string>
			<key>lastKnownFileType</key>
			<string>sourcecode.c.objc</string>
			<key>path</key>
			<string>ASPJSONRequestSerializer.m</string>
			<key>sourceTree</key>
			<string>&lt;group&gt;</string>
		</dict>
		<key>30238C671BAA7C5400A135B1</key>
		<dict>
			<key>fileEncoding</key>
			<string>4</string>
			<key>isa</key>
			<string>PBXFileReference</string>
			<key>lastKnownFileType</key>
			<string>sourcecode.c.h</string>
			<key>path</key>
			<string>ASPJSONResponseSerializer.h</string>
			<key>sourceTree</key>
			<string>&lt;group&gt;</string>
		</dict>
		<key>30238C681BAA7C5400A135B1</key>
		<dict>
			<key>fileEncoding</key>
			<string>4</string>
			<key>isa</key>
			<string>PBXFileReference</string>
			<key>lastKnownFileType</key>
			<string>sourcecode.c.objc</string>
			<key>path</key>
			<string>ASPJSONResponseSerializer.m</string>
			<key>sourceTree</key>
			<string>&lt;group&gt;</string>
		</dict>
		<key>30238C691BAA7C5400A135B1</key>
		<dict>
			<key>fileEncoding</key>
			<string>4</string>
			<key>isa</key>
			<string>PBXFileReference</string>
			<key>lastKnownFileType</key>
			<string>sourcecode.c.h</string>
			<key>path</key>
			<string>ASPQueryParamCollection.h</string>
			<key>sourceTree</key>
			<string>&lt;group&gt;</string>
		</dict>
		<key>30238C6A1BAA7C5400A135B1</key>
		<dict>
			<key>fileEncoding</key>
			<string>4</string>
			<key>isa</key>
			<string>PBXFileReference</string>
			<key>lastKnownFileType</key>
			<string>sourcecode.c.objc</string>
			<key>path</key>
			<string>ASPQueryParamCollection.m</string>
			<key>sourceTree</key>
			<string>&lt;group&gt;</string>
		</dict>
		<key>30238C6B1BAA7C5400A135B1</key>
		<dict>
			<key>children</key>
			<array>
				<string>30238C6C1BAA7C5400A135B1</string>
				<string>30238C6D1BAA7C5400A135B1</string>
				<string>30238C6E1BAA7C5400A135B1</string>
				<string>30238C6F1BAA7C5400A135B1</string>
				<string>30238C701BAA7C5400A135B1</string>
				<string>30238C711BAA7C5400A135B1</string>
				<string>30238C721BAA7C5400A135B1</string>
				<string>30238C731BAA7C5400A135B1</string>
				<string>30238C741BAA7C5400A135B1</string>
				<string>30238C751BAA7C5400A135B1</string>
				<string>30238C761BAA7C5400A135B1</string>
				<string>30238C771BAA7C5400A135B1</string>
				<string>30238C781BAA7C5400A135B1</string>
				<string>30238C791BAA7C5400A135B1</string>
				<string>30238C7A1BAA7C5400A135B1</string>
				<string>30238C7B1BAA7C5400A135B1</string>
				<string>30238C7C1BAA7C5400A135B1</string>
				<string>30238C7D1BAA7C5400A135B1</string>
				<string>30238C7E1BAA7C5400A135B1</string>
				<string>30238C7F1BAA7C5400A135B1</string>
				<string>30238C801BAA7C5400A135B1</string>
				<string>30238C811BAA7C5400A135B1</string>
			</array>
			<key>isa</key>
			<string>PBXGroup</string>
			<key>path</key>
			<string>model</string>
			<key>sourceTree</key>
			<string>&lt;group&gt;</string>
		</dict>
		<key>30238C6C1BAA7C5400A135B1</key>
		<dict>
			<key>fileEncoding</key>
			<string>4</string>
			<key>isa</key>
			<string>PBXFileReference</string>
			<key>lastKnownFileType</key>
			<string>sourcecode.c.h</string>
			<key>path</key>
			<string>ASPBaseResponse.h</string>
			<key>sourceTree</key>
			<string>&lt;group&gt;</string>
		</dict>
		<key>30238C6D1BAA7C5400A135B1</key>
		<dict>
			<key>fileEncoding</key>
			<string>4</string>
			<key>isa</key>
			<string>PBXFileReference</string>
			<key>lastKnownFileType</key>
			<string>sourcecode.c.objc</string>
			<key>path</key>
			<string>ASPBaseResponse.m</string>
			<key>sourceTree</key>
			<string>&lt;group&gt;</string>
		</dict>
		<key>30238C6E1BAA7C5400A135B1</key>
		<dict>
			<key>fileEncoding</key>
			<string>4</string>
			<key>isa</key>
			<string>PBXFileReference</string>
			<key>lastKnownFileType</key>
			<string>sourcecode.c.h</string>
			<key>path</key>
			<string>ASPDiscUsage.h</string>
			<key>sourceTree</key>
			<string>&lt;group&gt;</string>
		</dict>
		<key>30238C6F1BAA7C5400A135B1</key>
		<dict>
			<key>fileEncoding</key>
			<string>4</string>
			<key>isa</key>
			<string>PBXFileReference</string>
			<key>lastKnownFileType</key>
			<string>sourcecode.c.objc</string>
			<key>path</key>
			<string>ASPDiscUsage.m</string>
			<key>sourceTree</key>
			<string>&lt;group&gt;</string>
		</dict>
		<key>30238C701BAA7C5400A135B1</key>
		<dict>
			<key>fileEncoding</key>
			<string>4</string>
			<key>isa</key>
			<string>PBXFileReference</string>
			<key>lastKnownFileType</key>
			<string>sourcecode.c.h</string>
			<key>path</key>
			<string>ASPDiscUsageResponse.h</string>
			<key>sourceTree</key>
			<string>&lt;group&gt;</string>
		</dict>
		<key>30238C711BAA7C5400A135B1</key>
		<dict>
			<key>fileEncoding</key>
			<string>4</string>
			<key>isa</key>
			<string>PBXFileReference</string>
			<key>lastKnownFileType</key>
			<string>sourcecode.c.objc</string>
			<key>path</key>
			<string>ASPDiscUsageResponse.m</string>
			<key>sourceTree</key>
			<string>&lt;group&gt;</string>
		</dict>
		<key>30238C721BAA7C5400A135B1</key>
		<dict>
			<key>fileEncoding</key>
			<string>4</string>
			<key>isa</key>
			<string>PBXFileReference</string>
			<key>lastKnownFileType</key>
			<string>sourcecode.c.h</string>
			<key>path</key>
			<string>ASPFileExist.h</string>
			<key>sourceTree</key>
			<string>&lt;group&gt;</string>
		</dict>
		<key>30238C731BAA7C5400A135B1</key>
		<dict>
			<key>fileEncoding</key>
			<string>4</string>
			<key>isa</key>
			<string>PBXFileReference</string>
			<key>lastKnownFileType</key>
			<string>sourcecode.c.objc</string>
			<key>path</key>
			<string>ASPFileExist.m</string>
			<key>sourceTree</key>
			<string>&lt;group&gt;</string>
		</dict>
		<key>30238C741BAA7C5400A135B1</key>
		<dict>
			<key>fileEncoding</key>
			<string>4</string>
			<key>isa</key>
			<string>PBXFileReference</string>
			<key>lastKnownFileType</key>
			<string>sourcecode.c.h</string>
			<key>path</key>
			<string>ASPFileExistResponse.h</string>
			<key>sourceTree</key>
			<string>&lt;group&gt;</string>
		</dict>
		<key>30238C751BAA7C5400A135B1</key>
		<dict>
			<key>fileEncoding</key>
			<string>4</string>
			<key>isa</key>
			<string>PBXFileReference</string>
			<key>lastKnownFileType</key>
			<string>sourcecode.c.objc</string>
			<key>path</key>
			<string>ASPFileExistResponse.m</string>
			<key>sourceTree</key>
			<string>&lt;group&gt;</string>
		</dict>
		<key>30238C761BAA7C5400A135B1</key>
		<dict>
			<key>fileEncoding</key>
			<string>4</string>
			<key>isa</key>
			<string>PBXFileReference</string>
			<key>lastKnownFileType</key>
			<string>sourcecode.c.h</string>
			<key>path</key>
			<string>ASPFileResponse.h</string>
			<key>sourceTree</key>
			<string>&lt;group&gt;</string>
		</dict>
		<key>30238C771BAA7C5400A135B1</key>
		<dict>
			<key>fileEncoding</key>
			<string>4</string>
			<key>isa</key>
			<string>PBXFileReference</string>
			<key>lastKnownFileType</key>
			<string>sourcecode.c.objc</string>
			<key>path</key>
			<string>ASPFileResponse.m</string>
			<key>sourceTree</key>
			<string>&lt;group&gt;</string>
		</dict>
		<key>30238C781BAA7C5400A135B1</key>
		<dict>
			<key>fileEncoding</key>
			<string>4</string>
			<key>isa</key>
			<string>PBXFileReference</string>
			<key>lastKnownFileType</key>
			<string>sourcecode.c.h</string>
			<key>path</key>
			<string>ASPFileVersion.h</string>
			<key>sourceTree</key>
			<string>&lt;group&gt;</string>
		</dict>
		<key>30238C791BAA7C5400A135B1</key>
		<dict>
			<key>fileEncoding</key>
			<string>4</string>
			<key>isa</key>
			<string>PBXFileReference</string>
			<key>lastKnownFileType</key>
			<string>sourcecode.c.objc</string>
			<key>path</key>
			<string>ASPFileVersion.m</string>
			<key>sourceTree</key>
			<string>&lt;group&gt;</string>
		</dict>
		<key>30238C7A1BAA7C5400A135B1</key>
		<dict>
			<key>fileEncoding</key>
			<string>4</string>
			<key>isa</key>
			<string>PBXFileReference</string>
			<key>lastKnownFileType</key>
			<string>sourcecode.c.h</string>
			<key>path</key>
			<string>ASPFileVersionsResponse.h</string>
			<key>sourceTree</key>
			<string>&lt;group&gt;</string>
		</dict>
		<key>30238C7B1BAA7C5400A135B1</key>
		<dict>
			<key>fileEncoding</key>
			<string>4</string>
			<key>isa</key>
			<string>PBXFileReference</string>
			<key>lastKnownFileType</key>
			<string>sourcecode.c.objc</string>
			<key>path</key>
			<string>ASPFileVersionsResponse.m</string>
			<key>sourceTree</key>
			<string>&lt;group&gt;</string>
		</dict>
		<key>30238C7C1BAA7C5400A135B1</key>
		<dict>
			<key>fileEncoding</key>
			<string>4</string>
			<key>isa</key>
			<string>PBXFileReference</string>
			<key>lastKnownFileType</key>
			<string>sourcecode.c.h</string>
			<key>path</key>
			<string>ASPFolderResponse.h</string>
			<key>sourceTree</key>
			<string>&lt;group&gt;</string>
		</dict>
		<key>30238C7D1BAA7C5400A135B1</key>
		<dict>
			<key>fileEncoding</key>
			<string>4</string>
			<key>isa</key>
			<string>PBXFileReference</string>
			<key>lastKnownFileType</key>
			<string>sourcecode.c.objc</string>
			<key>path</key>
			<string>ASPFolderResponse.m</string>
			<key>sourceTree</key>
			<string>&lt;group&gt;</string>
		</dict>
		<key>30238C7E1BAA7C5400A135B1</key>
		<dict>
			<key>fileEncoding</key>
			<string>4</string>
			<key>isa</key>
			<string>PBXFileReference</string>
			<key>lastKnownFileType</key>
			<string>sourcecode.c.h</string>
			<key>path</key>
			<string>ASPObject.h</string>
			<key>sourceTree</key>
			<string>&lt;group&gt;</string>
		</dict>
		<key>30238C7F1BAA7C5400A135B1</key>
		<dict>
			<key>fileEncoding</key>
			<string>4</string>
			<key>isa</key>
			<string>PBXFileReference</string>
			<key>lastKnownFileType</key>
			<string>sourcecode.c.objc</string>
			<key>path</key>
			<string>ASPObject.m</string>
			<key>sourceTree</key>
			<string>&lt;group&gt;</string>
		</dict>
		<key>30238C801BAA7C5400A135B1</key>
		<dict>
			<key>fileEncoding</key>
			<string>4</string>
			<key>isa</key>
			<string>PBXFileReference</string>
			<key>lastKnownFileType</key>
			<string>sourcecode.c.h</string>
			<key>path</key>
			<string>ASPStorageExistResponse.h</string>
			<key>sourceTree</key>
			<string>&lt;group&gt;</string>
		</dict>
		<key>30238C811BAA7C5400A135B1</key>
		<dict>
			<key>fileEncoding</key>
			<string>4</string>
			<key>isa</key>
			<string>PBXFileReference</string>
			<key>lastKnownFileType</key>
			<string>sourcecode.c.objc</string>
			<key>path</key>
			<string>ASPStorageExistResponse.m</string>
			<key>sourceTree</key>
			<string>&lt;group&gt;</string>
		</dict>
		<key>30238C831BAA7C5400A135B1</key>
		<dict>
			<key>fileRef</key>
			<string>30238C621BAA7C5400A135B1</string>
			<key>isa</key>
			<string>PBXBuildFile</string>
			<key>settings</key>
			<dict>
				<key>ASSET_TAGS</key>
				<array/>
			</dict>
		</dict>
		<key>30238C841BAA7C5400A135B1</key>
		<dict>
			<key>fileRef</key>
			<string>30238C641BAA7C5400A135B1</string>
			<key>isa</key>
			<string>PBXBuildFile</string>
			<key>settings</key>
			<dict>
				<key>ASSET_TAGS</key>
				<array/>
			</dict>
		</dict>
		<key>30238C851BAA7C5400A135B1</key>
		<dict>
			<key>fileRef</key>
			<string>30238C661BAA7C5400A135B1</string>
			<key>isa</key>
			<string>PBXBuildFile</string>
			<key>settings</key>
			<dict>
				<key>ASSET_TAGS</key>
				<array/>
			</dict>
		</dict>
		<key>30238C861BAA7C5400A135B1</key>
		<dict>
			<key>fileRef</key>
			<string>30238C681BAA7C5400A135B1</string>
			<key>isa</key>
			<string>PBXBuildFile</string>
			<key>settings</key>
			<dict>
				<key>ASSET_TAGS</key>
				<array/>
			</dict>
		</dict>
		<key>30238C871BAA7C5400A135B1</key>
		<dict>
			<key>fileRef</key>
			<string>30238C6A1BAA7C5400A135B1</string>
			<key>isa</key>
			<string>PBXBuildFile</string>
			<key>settings</key>
			<dict>
				<key>ASSET_TAGS</key>
				<array/>
			</dict>
		</dict>
		<key>30238C881BAA7C5400A135B1</key>
		<dict>
			<key>fileRef</key>
			<string>30238C6D1BAA7C5400A135B1</string>
			<key>isa</key>
			<string>PBXBuildFile</string>
			<key>settings</key>
			<dict>
				<key>ASSET_TAGS</key>
				<array/>
			</dict>
		</dict>
		<key>30238C891BAA7C5400A135B1</key>
		<dict>
			<key>fileRef</key>
			<string>30238C6F1BAA7C5400A135B1</string>
			<key>isa</key>
			<string>PBXBuildFile</string>
			<key>settings</key>
			<dict>
				<key>ASSET_TAGS</key>
				<array/>
			</dict>
		</dict>
		<key>30238C8A1BAA7C5400A135B1</key>
		<dict>
			<key>fileRef</key>
			<string>30238C711BAA7C5400A135B1</string>
			<key>isa</key>
			<string>PBXBuildFile</string>
			<key>settings</key>
			<dict>
				<key>ASSET_TAGS</key>
				<array/>
			</dict>
		</dict>
		<key>30238C8B1BAA7C5400A135B1</key>
		<dict>
			<key>fileRef</key>
			<string>30238C731BAA7C5400A135B1</string>
			<key>isa</key>
			<string>PBXBuildFile</string>
			<key>settings</key>
			<dict>
				<key>ASSET_TAGS</key>
				<array/>
			</dict>
		</dict>
		<key>30238C8C1BAA7C5400A135B1</key>
		<dict>
			<key>fileRef</key>
			<string>30238C751BAA7C5400A135B1</string>
			<key>isa</key>
			<string>PBXBuildFile</string>
			<key>settings</key>
			<dict>
				<key>ASSET_TAGS</key>
				<array/>
			</dict>
		</dict>
		<key>30238C8D1BAA7C5400A135B1</key>
		<dict>
			<key>fileRef</key>
			<string>30238C771BAA7C5400A135B1</string>
			<key>isa</key>
			<string>PBXBuildFile</string>
			<key>settings</key>
			<dict>
				<key>ASSET_TAGS</key>
				<array/>
			</dict>
		</dict>
		<key>30238C8E1BAA7C5400A135B1</key>
		<dict>
			<key>fileRef</key>
			<string>30238C791BAA7C5400A135B1</string>
			<key>isa</key>
			<string>PBXBuildFile</string>
			<key>settings</key>
			<dict>
				<key>ASSET_TAGS</key>
				<array/>
			</dict>
		</dict>
		<key>30238C8F1BAA7C5400A135B1</key>
		<dict>
			<key>fileRef</key>
			<string>30238C7B1BAA7C5400A135B1</string>
			<key>isa</key>
			<string>PBXBuildFile</string>
			<key>settings</key>
			<dict>
				<key>ASSET_TAGS</key>
				<array/>
			</dict>
		</dict>
		<key>30238C901BAA7C5400A135B1</key>
		<dict>
			<key>fileRef</key>
			<string>30238C7D1BAA7C5400A135B1</string>
			<key>isa</key>
			<string>PBXBuildFile</string>
			<key>settings</key>
			<dict>
				<key>ASSET_TAGS</key>
				<array/>
			</dict>
		</dict>
		<key>30238C911BAA7C5400A135B1</key>
		<dict>
			<key>fileRef</key>
			<string>30238C7F1BAA7C5400A135B1</string>
			<key>isa</key>
			<string>PBXBuildFile</string>
			<key>settings</key>
			<dict>
				<key>ASSET_TAGS</key>
				<array/>
			</dict>
		</dict>
		<key>30238C921BAA7C5400A135B1</key>
		<dict>
			<key>fileRef</key>
			<string>30238C811BAA7C5400A135B1</string>
			<key>isa</key>
			<string>PBXBuildFile</string>
			<key>settings</key>
			<dict>
				<key>ASSET_TAGS</key>
				<array/>
			</dict>
		</dict>
		<key>30238C931BAA7C6300A135B1</key>
		<dict>
			<key>children</key>
			<array>
				<string>30238C941BAA7C6300A135B1</string>
			</array>
			<key>isa</key>
			<string>PBXGroup</string>
			<key>path</key>
			<string>resources</string>
			<key>sourceTree</key>
			<string>&lt;group&gt;</string>
		</dict>
		<key>30238C941BAA7C6300A135B1</key>
		<dict>
			<key>isa</key>
			<string>PBXFileReference</string>
			<key>lastKnownFileType</key>
			<string>image.jpeg</string>
			<key>path</key>
			<string>Creative.jpg</string>
			<key>sourceTree</key>
			<string>&lt;group&gt;</string>
		</dict>
		<key>30238C951BAA7C6300A135B1</key>
		<dict>
			<key>children</key>
			<array>
				<string>30238C961BAA7C6300A135B1</string>
			</array>
			<key>isa</key>
			<string>PBXGroup</string>
			<key>path</key>
			<string>storage</string>
			<key>sourceTree</key>
			<string>&lt;group&gt;</string>
		</dict>
		<key>30238C961BAA7C6300A135B1</key>
		<dict>
			<key>fileEncoding</key>
			<string>4</string>
			<key>isa</key>
			<string>PBXFileReference</string>
			<key>lastKnownFileType</key>
			<string>sourcecode.c.objc</string>
			<key>path</key>
			<string>ASPStorageTestCase.m</string>
			<key>sourceTree</key>
			<string>&lt;group&gt;</string>
		</dict>
		<key>30238C971BAA7C6300A135B1</key>
		<dict>
			<key>fileRef</key>
			<string>30238C941BAA7C6300A135B1</string>
			<key>isa</key>
			<string>PBXBuildFile</string>
			<key>settings</key>
			<dict>
				<key>ASSET_TAGS</key>
				<array/>
			</dict>
		</dict>
		<key>30238C981BAA7C6300A135B1</key>
		<dict>
			<key>fileRef</key>
			<string>30238C961BAA7C6300A135B1</string>
			<key>isa</key>
			<string>PBXBuildFile</string>
			<key>settings</key>
			<dict>
				<key>ASSET_TAGS</key>
				<array/>
			</dict>
		</dict>
		<key>30238C991BAA7C6E00A135B1</key>
		<dict>
			<key>fileRef</key>
			<string>30238C941BAA7C6300A135B1</string>
			<key>isa</key>
			<string>PBXBuildFile</string>
			<key>settings</key>
			<dict>
				<key>ASSET_TAGS</key>
				<array/>
			</dict>
		</dict>
		<key>30238C9A1BAA93D300A135B1</key>
		<dict>
			<key>fileEncoding</key>
			<string>4</string>
			<key>isa</key>
			<string>PBXFileReference</string>
			<key>lastKnownFileType</key>
			<string>sourcecode.c.h</string>
			<key>path</key>
			<string>ASPStorageApi.h</string>
			<key>sourceTree</key>
			<string>&lt;group&gt;</string>
		</dict>
		<key>30238C9B1BAA93D300A135B1</key>
		<dict>
			<key>fileEncoding</key>
			<string>4</string>
			<key>isa</key>
			<string>PBXFileReference</string>
			<key>lastKnownFileType</key>
			<string>sourcecode.c.objc</string>
			<key>path</key>
			<string>ASPStorageApi.m</string>
			<key>sourceTree</key>
			<string>&lt;group&gt;</string>
		</dict>
		<key>30238C9C1BAA93D300A135B1</key>
		<dict>
			<key>fileRef</key>
			<string>30238C9B1BAA93D300A135B1</string>
			<key>isa</key>
			<string>PBXBuildFile</string>
			<key>settings</key>
			<dict>
				<key>ASSET_TAGS</key>
				<array/>
			</dict>
		</dict>
	</dict>
	<key>rootObject</key>
	<string>30238C2C1BAA7B3000A135B1</string>
</dict>
</plist>
